
Microsoft Visual Studio Solution File, Format Version 12.00
# Visual Studio Version 17
VisualStudioVersion = 17.14.36414.22
MinimumVisualStudioVersion = 10.0.40219.1
Project("{FAE04EC0-301F-11D3-BF4B-00C04F79EFBC}") = "DVLD-project", "DVLD-project.csproj", "{9DB6027D-ED95-4BEA-B70F-D731F32C912B}"
EndProject
Project("{FAE04EC0-301F-11D3-BF4B-00C04F79EFBC}") = "DVLDAccessLayer", "DVLDAccessLayer\DVLDAccessLayer.csproj", "{00A6DD92-8881-4568-96A0-77DF8358F575}"
EndProject
Project("{FAE04EC0-301F-11D3-BF4B-00C04F79EFBC}") = "DVLDBusinessLayer", "DVLDBusinessLayer\DVLDBusinessLayer.csproj", "{53CCBED5-1FEB-4A32-AF69-008C4591DA48}"
EndProject
Global
	GlobalSection(SolutionConfigurationPlatforms) = preSolution
		Debug|Any CPU = Debug|Any CPU
		Release|Any CPU = Release|Any CPU
	EndGlobalSection
	GlobalSection(ProjectConfigurationPlatforms) = postSolution
		{9DB6027D-ED95-4BEA-B70F-D731F32C912B}.Debug|Any CPU.ActiveCfg = Debug|Any CPU
		{9DB6027D-ED95-4BEA-B70F-D731F32C912B}.Debug|Any CPU.Build.0 = Debug|Any CPU
		{9DB6027D-ED95-4BEA-B70F-D731F32C912B}.Release|Any CPU.ActiveCfg = Release|Any CPU
		{9DB6027D-ED95-4BEA-B70F-D731F32C912B}.Release|Any CPU.Build.0 = Release|Any CPU
		{00A6DD92-8881-4568-96A0-77DF8358F575}.Debug|Any CPU.ActiveCfg = Debug|Any CPU
		{00A6DD92-8881-4568-96A0-77DF8358F575}.Debug|Any CPU.Build.0 = Debug|Any CPU
		{00A6DD92-8881-4568-96A0-77DF8358F575}.Release|Any CPU.ActiveCfg = Release|Any CPU
		{00A6DD92-8881-4568-96A0-77DF8358F575}.Release|Any CPU.Build.0 = Release|Any CPU
		{53CCBED5-1FEB-4A32-AF69-008C4591DA48}.Debug|Any CPU.ActiveCfg = Debug|Any CPU
		{53CCBED5-1FEB-4A32-AF69-008C4591DA48}.Debug|Any CPU.Build.0 = Debug|Any CPU
		{53CCBED5-1FEB-4A32-AF69-008C4591DA48}.Release|Any CPU.ActiveCfg = Release|Any CPU
		{53CCBED5-1FEB-4A32-AF69-008C4591DA48}.Release|Any CPU.Build.0 = Release|Any CPU
	EndGlobalSection
	GlobalSection(SolutionProperties) = preSolution
		HideSolutionNode = FALSE
	EndGlobalSection
	GlobalSection(ExtensibilityGlobals) = postSolution
		SolutionGuid = {C4441014-4DFF-4A46-B7BD-B6B68D7AE1F0}
	EndGlobalSection
EndGlobal
